// !$*UTF8*$!
{
	archiveVersion = 1;
	classes = {
	};
	objectVersion = 46;
	objects = {

/* Begin PBXBuildFile section */
		70E7DEA61A498C2500ABA0BE /* AppDelegate.swift in Sources */ = {isa = PBXBuildFile; fileRef = 70E7DEA51A498C2500ABA0BE /* AppDelegate.swift */; };
		70E7DEA81A498C2500ABA0BE /* ViewController.swift in Sources */ = {isa = PBXBuildFile; fileRef = 70E7DEA71A498C2500ABA0BE /* ViewController.swift */; };
		70E7DEAB1A498C2500ABA0BE /* Main.storyboard in Resources */ = {isa = PBXBuildFile; fileRef = 70E7DEA91A498C2500ABA0BE /* Main.storyboard */; };
		70E7DEAD1A498C2500ABA0BE /* Images.xcassets in Resources */ = {isa = PBXBuildFile; fileRef = 70E7DEAC1A498C2500ABA0BE /* Images.xcassets */; };
		70E7DEB01A498C2500ABA0BE /* LaunchScreen.xib in Resources */ = {isa = PBXBuildFile; fileRef = 70E7DEAE1A498C2500ABA0BE /* LaunchScreen.xib */; };
		70E7DEBC1A498C2600ABA0BE /* StepCountTests.swift in Sources */ = {isa = PBXBuildFile; fileRef = 70E7DEBB1A498C2600ABA0BE /* StepCountTests.swift */; };
		70E7DEC61A4997A800ABA0BE /* CoreLocation.framework in Frameworks */ = {isa = PBXBuildFile; fileRef = 70E7DEC51A4997A800ABA0BE /* CoreLocation.framework */; };
/* End PBXBuildFile section */

/* Begin PBXContainerItemProxy section */
		70E7DEB61A498C2500ABA0BE /* PBXContainerItemProxy */ = {
			isa = PBXContainerItemProxy;
			containerPortal = 70E7DE981A498C2500ABA0BE /* Project object */;
			proxyType = 1;
			remoteGlobalIDString = 70E7DE9F1A498C2500ABA0BE;
			remoteInfo = StepCount;
		};
/* End PBXContainerItemProxy section */

/* Begin PBXFileReference section */
		70E7DEA01A498C2500ABA0BE /* StepCount.app */ = {isa = PBXFileReference; explicitFileType = wrapper.application; includeInIndex = 0; path = StepCount.app; sourceTree = BUILT_PRODUCTS_DIR; };
		70E7DEA41A498C2500ABA0BE /* Info.plist */ = {isa = PBXFileReference; lastKnownFileType = text.plist.xml; path = Info.plist; sourceTree = "<group>"; };
		70E7DEA51A498C2500ABA0BE /* AppDelegate.swift */ = {isa = PBXFileReference; lastKnownFileType = sourcecode.swift; path = AppDelegate.swift; sourceTree = "<group>"; };
		70E7DEA71A498C2500ABA0BE /* ViewController.swift */ = {isa = PBXFileReference; lastKnownFileType = sourcecode.swift; path = ViewController.swift; sourceTree = "<group>"; };
		70E7DEAA1A498C2500ABA0BE /* Base */ = {isa = PBXFileReference; lastKnownFileType = file.storyboard; name = Base; path = Base.lproj/Main.storyboard; sourceTree = "<group>"; };
		70E7DEAC1A498C2500ABA0BE /* Images.xcassets */ = {isa = PBXFileReference; lastKnownFileType = folder.assetcatalog; path = Images.xcassets; sourceTree = "<group>"; };
		70E7DEAF1A498C2500ABA0BE /* Base */ = {isa = PBXFileReference; lastKnownFileType = file.xib; name = Base; path = Base.lproj/LaunchScreen.xib; sourceTree = "<group>"; };
		70E7DEB51A498C2500ABA0BE /* StepCountTests.xctest */ = {isa = PBXFileReference; explicitFileType = wrapper.cfbundle; includeInIndex = 0; path = StepCountTests.xctest; sourceTree = BUILT_PRODUCTS_DIR; };
		70E7DEBA1A498C2500ABA0BE /* Info.plist */ = {isa = PBXFileReference; lastKnownFileType = text.plist.xml; path = Info.plist; sourceTree = "<group>"; };
		70E7DEBB1A498C2600ABA0BE /* StepCountTests.swift */ = {isa = PBXFileReference; lastKnownFileType = sourcecode.swift; path = StepCountTests.swift; sourceTree = "<group>"; };
		70E7DEC51A4997A800ABA0BE /* CoreLocation.framework */ = {isa = PBXFileReference; lastKnownFileType = wrapper.framework; name = CoreLocation.framework; path = System/Library/Frameworks/CoreLocation.framework; sourceTree = SDKROOT; };
/* End PBXFileReference section */

/* Begin PBXFrameworksBuildPhase section */
		70E7DE9D1A498C2500ABA0BE /* Frameworks */ = {
			isa = PBXFrameworksBuildPhase;
			buildActionMask = 2147483647;
			files = (
				70E7DEC61A4997A800ABA0BE /* CoreLocation.framework in Frameworks */,
			);
			runOnlyForDeploymentPostprocessing = 0;
		};
		70E7DEB21A498C2500ABA0BE /* Frameworks */ = {
			isa = PBXFrameworksBuildPhase;
			buildActionMask = 2147483647;
			files = (
			);
			runOnlyForDeploymentPostprocessing = 0;
		};
/* End PBXFrameworksBuildPhase section */

/* Begin PBXGroup section */
		70E7DE971A498C2500ABA0BE = {
			isa = PBXGroup;
			children = (
				70E7DEC51A4997A800ABA0BE /* CoreLocation.framework */,
				70E7DEA21A498C2500ABA0BE /* StepCount */,
				70E7DEB81A498C2500ABA0BE /* StepCountTests */,
				70E7DEA11A498C2500ABA0BE /* Products */,
			);
			sourceTree = "<group>";
		};
		70E7DEA11A498C2500ABA0BE /* Products */ = {
			isa = PBXGroup;
			children = (
				70E7DEA01A498C2500ABA0BE /* StepCount.app */,
				70E7DEB51A498C2500ABA0BE /* StepCountTests.xctest */,
			);
			name = Products;
			sourceTree = "<group>";
		};
		70E7DEA21A498C2500ABA0BE /* StepCount */ = {
			isa = PBXGroup;
			children = (
				70E7DEA51A498C2500ABA0BE /* AppDelegate.swift */,
				70E7DEA71A498C2500ABA0BE /* ViewController.swift */,
				70E7DEA91A498C2500ABA0BE /* Main.storyboard */,
				70E7DEAC1A498C2500ABA0BE /* Images.xcassets */,
				70E7DEAE1A498C2500ABA0BE /* LaunchScreen.xib */,
				70E7DEA31A498C2500ABA0BE /* Supporting Files */,
			);
			path = StepCount;
			sourceTree = "<group>";
		};
		70E7DEA31A498C2500ABA0BE /* Supporting Files */ = {
			isa = PBXGroup;
			children = (
				70E7DEA41A498C2500ABA0BE /* Info.plist */,
			);
			name = "Supporting Files";
			sourceTree = "<group>";
		};
		70E7DEB81A498C2500ABA0BE /* StepCountTests */ = {
			isa = PBXGroup;
			children = (
				70E7DEBB1A498C2600ABA0BE /* StepCountTests.swift */,
				70E7DEB91A498C2500ABA0BE /* Supporting Files */,
			);
			path = StepCountTests;
			sourceTree = "<group>";
		};
		70E7DEB91A498C2500ABA0BE /* Supporting Files */ = {
			isa = PBXGroup;
			children = (
				70E7DEBA1A498C2500ABA0BE /* Info.plist */,
			);
			name = "Supporting Files";
			sourceTree = "<group>";
		};
/* End PBXGroup section */

/* Begin PBXNativeTarget section */
		70E7DE9F1A498C2500ABA0BE /* StepCount */ = {
			isa = PBXNativeTarget;
			buildConfigurationList = 70E7DEBF1A498C2600ABA0BE /* Build configuration list for PBXNativeTarget "StepCount" */;
			buildPhases = (
				70E7DE9C1A498C2500ABA0BE /* Sources */,
				70E7DE9D1A498C2500ABA0BE /* Frameworks */,
				70E7DE9E1A498C2500ABA0BE /* Resources */,
			);
			buildRules = (
			);
			dependencies = (
			);
			name = StepCount;
			productName = StepCount;
			productReference = 70E7DEA01A498C2500ABA0BE /* StepCount.app */;
			productType = "com.apple.product-type.application";
		};
		70E7DEB41A498C2500ABA0BE /* StepCountTests */ = {
			isa = PBXNativeTarget;
			buildConfigurationList = 70E7DEC21A498C2600ABA0BE /* Build configuration list for PBXNativeTarget "StepCountTests" */;
			buildPhases = (
				70E7DEB11A498C2500ABA0BE /* Sources */,
				70E7DEB21A498C2500ABA0BE /* Frameworks */,
				70E7DEB31A498C2500ABA0BE /* Resources */,
			);
			buildRules = (
			);
			dependencies = (
				70E7DEB71A498C2500ABA0BE /* PBXTargetDependency */,
			);
			name = StepCountTests;
			productName = StepCountTests;
			productReference = 70E7DEB51A498C2500ABA0BE /* StepCountTests.xctest */;
			productType = "com.apple.product-type.bundle.unit-test";
		};
/* End PBXNativeTarget section */

/* Begin PBXProject section */
		70E7DE981A498C2500ABA0BE /* Project object */ = {
			isa = PBXProject;
			attributes = {
				LastUpgradeCheck = 0610;
				ORGANIZATIONNAME = YUSUKE;
				TargetAttributes = {
					70E7DE9F1A498C2500ABA0BE = {
						CreatedOnToolsVersion = 6.1.1;
					};
					70E7DEB41A498C2500ABA0BE = {
						CreatedOnToolsVersion = 6.1.1;
						TestTargetID = 70E7DE9F1A498C2500ABA0BE;
					};
				};
			};
			buildConfigurationList = 70E7DE9B1A498C2500ABA0BE /* Build configuration list for PBXProject "StepCount" */;
			compatibilityVersion = "Xcode 3.2";
			developmentRegion = English;
			hasScannedForEncodings = 0;
			knownRegions = (
				en,
				Base,
			);
			mainGroup = 70E7DE971A498C2500ABA0BE;
			productRefGroup = 70E7DEA11A498C2500ABA0BE /* Products */;
			projectDirPath = "";
			projectRoot = "";
			targets = (
				70E7DE9F1A498C2500ABA0BE /* StepCount */,
				70E7DEB41A498C2500ABA0BE /* StepCountTests */,
			);
		};
/* End PBXProject section */

/* Begin PBXResourcesBuildPhase section */
		70E7DE9E1A498C2500ABA0BE /* Resources */ = {
			isa = PBXResourcesBuildPhase;
			buildActionMask = 2147483647;
			files = (
				70E7DEAB1A498C2500ABA0BE /* Main.storyboard in Resources */,
				70E7DEB01A498C2500ABA0BE /* LaunchScreen.xib in Resources */,
				70E7DEAD1A498C2500ABA0BE /* Images.xcassets in Resources */,
			);
			runOnlyForDeploymentPostprocessing = 0;
		};
		70E7DEB31A498C2500ABA0BE /* Resources */ = {
			isa = PBXResourcesBuildPhase;
			buildActionMask = 2147483647;
			files = (
			);
			runOnlyForDeploymentPostprocessing = 0;
		};
/* End PBXResourcesBuildPhase section */

/* Begin PBXSourcesBuildPhase section */
		70E7DE9C1A498C2500ABA0BE /* Sources */ = {
			isa = PBXSourcesBuildPhase;
			buildActionMask = 2147483647;
			files = (
				70E7DEA81A498C2500ABA0BE /* ViewController.swift in Sources */,
				70E7DEA61A498C2500ABA0BE /* AppDelegate.swift in Sources */,
			);
			runOnlyForDeploymentPostprocessing = 0;
		};
		70E7DEB11A498C2500ABA0BE /* Sources */ = {
			isa = PBXSourcesBuildPhase;
			buildActionMask = 2147483647;
			files = (
				70E7DEBC1A498C2600ABA0BE /* StepCountTests.swift in Sources */,
			);
			runOnlyForDeploymentPostprocessing = 0;
		};
/* End PBXSourcesBuildPhase section */

/* Begin PBXTargetDependency section */
		70E7DEB71A498C2500ABA0BE /* PBXTargetDependency */ = {
			isa = PBXTargetDependency;
			target = 70E7DE9F1A498C2500ABA0BE /* StepCount */;
			targetProxy = 70E7DEB61A498C2500ABA0BE /* PBXContainerItemProxy */;
		};
/* End PBXTargetDependency section */

/* Begin PBXVariantGroup section */
		70E7DEA91A498C2500ABA0BE /* Main.storyboard */ = {
			isa = PBXVariantGroup;
			children = (
				70E7DEAA1A498C2500ABA0BE /* Base */,
			);
			name = Main.storyboard;
			sourceTree = "<group>";
		};
		70E7DEAE1A498C2500ABA0BE /* LaunchScreen.xib */ = {
			isa = PBXVariantGroup;
			children = (
				70E7DEAF1A498C2500ABA0BE /* Base */,
			);
			name = LaunchScreen.xib;
			sourceTree = "<group>";
		};
/* End PBXVariantGroup section */

/* Begin XCBuildConfiguration section */
		70E7DEBD1A498C2600ABA0BE /* Debug */ = {
			isa = XCBuildConfiguration;
			buildSettings = {
				ALWAYS_SEARCH_USER_PATHS = NO;
				CLANG_CXX_LANGUAGE_STANDARD = "gnu++0x";
				CLANG_CXX_LIBRARY = "libc++";
				CLANG_ENABLE_MODULES = YES;
				CLANG_ENABLE_OBJC_ARC = YES;
				CLANG_WARN_BOOL_CONVERSION = YES;
				CLANG_WARN_CONSTANT_CONVERSION = YES;
				CLANG_WARN_DIRECT_OBJC_ISA_USAGE = YES_ERROR;
				CLANG_WARN_EMPTY_BODY = YES;
				CLANG_WARN_ENUM_CONVERSION = YES;
				CLANG_WARN_INT_CONVERSION = YES;
				CLANG_WARN_OBJC_ROOT_CLASS = YES_ERROR;
				CLANG_WARN_UNREACHABLE_CODE = YES;
				CLANG_WARN__DUPLICATE_METHOD_MATCH = YES;
				"CODE_SIGN_IDENTITY[sdk=iphoneos*]" = "iPhone Developer";
				COPY_PHASE_STRIP = NO;
				ENABLE_STRICT_OBJC_MSGSEND = YES;
				GCC_C_LANGUAGE_STANDARD = gnu99;
				GCC_DYNAMIC_NO_PIC = NO;
				GCC_OPTIMIZATION_LEVEL = 0;
				GCC_PREPROCESSOR_DEFINITIONS = (
					"DEBUG=1",
					"$(inherited)",
				);
				GCC_SYMBOLS_PRIVATE_EXTERN = NO;
				GCC_WARN_64_TO_32_BIT_CONVERSION = YES;
				GCC_WARN_ABOUT_RETURN_TYPE = YES_ERROR;
				GCC_WARN_UNDECLARED_SELECTOR = YES;
				GCC_WARN_UNINITIALIZED_AUTOS = YES_AGGRESSIVE;
				GCC_WARN_UNUSED_FUNCTION = YES;
				GCC_WARN_UNUSED_VARIABLE = YES;
				IPHONEOS_DEPLOYMENT_TARGET = 8.1;
				MTL_ENABLE_DEBUG_INFO = YES;
				ONLY_ACTIVE_ARCH = YES;
				SDKROOT = iphoneos;
				SWIFT_OPTIMIZATION_LEVEL = "-Onone";
			};
			name = Debug;
		};
		70E7DEBE1A498C2600ABA0BE /* Release */ = {
			isa = XCBuildConfiguration;
			buildSettings = {
				ALWAYS_SEARCH_USER_PATHS = NO;
				CLANG_CXX_LANGUAGE_STANDARD = "gnu++0x";
				CLANG_CXX_LIBRARY = "libc++";
				CLANG_ENABLE_MODULES = YES;
				CLANG_ENABLE_OBJC_ARC = YES;
				CLANG_WARN_BOOL_CONVERSION = YES;
				CLANG_WARN_CONSTANT_CONVERSION = YES;
				CLANG_WARN_DIRECT_OBJC_ISA_USAGE = YES_ERROR;
				CLANG_WARN_EMPTY_BODY = YES;
				CLANG_WARN_ENUM_CONVERSION = YES;
				CLANG_WARN_INT_CONVERSION = YES;
				CLANG_WARN_OBJC_ROOT_CLASS = YES_ERROR;
				CLANG_WARN_UNREACHABLE_CODE = YES;
				CLANG_WARN__DUPLICATE_METHOD_MATCH = YES;
				"CODE_SIGN_IDENTITY[sdk=iphoneos*]" = "iPhone Developer";
				COPY_PHASE_STRIP = YES;
				ENABLE_NS_ASSERTIONS = NO;
				ENABLE_STRICT_OBJC_MSGSEND = YES;
				GCC_C_LANGUAGE_STANDARD = gnu99;
				GCC_WARN_64_TO_32_BIT_CONVERSION = YES;
				GCC_WARN_ABOUT_RETURN_TYPE = YES_ERROR;
				GCC_WARN_UNDECLARED_SELECTOR = YES;
				GCC_WARN_UNINITIALIZED_AUTOS = YES_AGGRESSIVE;
				GCC_WARN_UNUSED_FUNCTION = YES;
				GCC_WARN_UNUSED_VARIABLE = YES;
				IPHONEOS_DEPLOYMENT_TARGET = 8.1;
				MTL_ENABLE_DEBUG_INFO = NO;
				SDKROOT = iphoneos;
				VALIDATE_PRODUCT = YES;
			};
			name = Release;
		};
		70E7DEC01A498C2600ABA0BE /* Debug */ = {
			isa = XCBuildConfiguration;
			buildSettings = {
				ASSETCATALOG_COMPILER_APPICON_NAME = AppIcon;
				INFOPLIST_FILE = StepCount/Info.plist;
				LD_RUNPATH_SEARCH_PATHS = "$(inherited) @executable_path/Frameworks";
				PRODUCT_NAME = "$(TARGET_NAME)";
			};
			name = Debug;
		};
		70E7DEC11A498C2600ABA0BE /* Release */ = {
			isa = XCBuildConfiguration;
			buildSettings = {
				ASSETCATALOG_COMPILER_APPICON_NAME = AppIcon;
				INFOPLIST_FILE = StepCount/Info.plist;
				LD_RUNPATH_SEARCH_PATHS = "$(inherited) @executable_path/Frameworks";
				PRODUCT_NAME = "$(TARGET_NAME)";
			};
			name = Release;
		};
		70E7DEC31A498C2600ABA0BE /* Debug */ = {
			isa = XCBuildConfiguration;
			buildSettings = {
				BUNDLE_LOADER = "$(TEST_HOST)";
				FRAMEWORK_SEARCH_PATHS = (
					"$(SDKROOT)/Developer/Library/Frameworks",
					"$(inherited)",
				);
				GCC_PREPROCESSOR_DEFINITIONS = (
					"DEBUG=1",
					"$(inherited)",
				);
				INFOPLIST_FILE = StepCountTests/Info.plist;
				LD_RUNPATH_SEARCH_PATHS = "$(inherited) @executable_path/Frameworks @loader_path/Frameworks";
				PRODUCT_NAME = "$(TARGET_NAME)";
				TEST_HOST = "$(BUILT_PRODUCTS_DIR)/StepCount.app/StepCount";
			};
			name = Debug;
		};
		70E7DEC41A498C2600ABA0BE /* Release */ = {
			isa = XCBuildConfiguration;
			buildSettings = {
				BUNDLE_LOADER = "$(TEST_HOST)";
				FRAMEWORK_SEARCH_PATHS = (
					"$(SDKROOT)/Developer/Library/Frameworks",
					"$(inherited)",
				);
				INFOPLIST_FILE = StepCountTests/Info.plist;
				LD_RUNPATH_SEARCH_PATHS = "$(inherited) @executable_path/Frameworks @loader_path/Frameworks";
				PRODUCT_NAME = "$(TARGET_NAME)";
				TEST_HOST = "$(BUILT_PRODUCTS_DIR)/StepCount.app/StepCount";
			};
			name = Release;
		};
/* End XCBuildConfiguration section */

/* Begin XCConfigurationList section */
		70E7DE9B1A498C2500ABA0BE /* Build configuration list for PBXProject "StepCount" */ = {
			isa = XCConfigurationList;
			buildConfigurations = (
				70E7DEBD1A498C2600ABA0BE /* Debug */,
				70E7DEBE1A498C2600ABA0BE /* Release */,
			);
			defaultConfigurationIsVisible = 0;
			defaultConfigurationName = Release;
		};
		70E7DEBF1A498C2600ABA0BE /* Build configuration list for PBXNativeTarget "StepCount" */ = {
			isa = XCConfigurationList;
			buildConfigurations = (
				70E7DEC01A498C2600ABA0BE /* Debug */,
				70E7DEC11A498C2600ABA0BE /* Release */,
			);
			defaultConfigurationIsVisible = 0;
			defaultConfigurationName = Release;
		};
		70E7DEC21A498C2600ABA0BE /* Build configuration list for PBXNativeTarget "StepCountTests" */ = {
			isa = XCConfigurationList;
			buildConfigurations = (
				70E7DEC31A498C2600ABA0BE /* Debug */,
				70E7DEC41A498C2600ABA0BE /* Release */,
			);
			defaultConfigurationIsVisible = 0;
			defaultConfigurationName = Release;
		};
/* End XCConfigurationList section */
	};
	rootObject = 70E7DE981A498C2500ABA0BE /* Project object */;
}
